{
  "name": "Firefox",
  "lockfileVersion": 2,
  "requires": true,
  "packages": {
    "": {
      "dependencies": {
        "web-ext": "^0.0.1"
      }
    },
    "node_modules/web-ext": {
      "version": "0.0.1",
      "resolved": "https://registry.npmjs.org/web-ext/-/web-ext-0.0.1.tgz",
      "integrity": "sha512-sHDjoR8KVmr7QiNbB19Lv4JiDRb4+cdLVuvqSqxBNmCqDBpcJwBoTdxPgVCd2ey8P2qmaCkysMZGrCLp21Q79Q=="
    }
  },
  "dependencies": {
    "web-ext": {
      "version": "0.0.1",
      "resolved": "https://registry.npmjs.org/web-ext/-/web-ext-0.0.1.tgz",
      "integrity": "sha512-sHDjoR8KVmr7QiNbB19Lv4JiDRb4+cdLVuvqSqxBNmCqDBpcJwBoTdxPgVCd2ey8P2qmaCkysMZGrCLp21Q79Q=="
    }
  }
}
